
Microsoft Visual Studio Solution File, Format Version 12.00
# Visual Studio Version 17
VisualStudioVersion = 17.7.34009.444
MinimumVisualStudioVersion = 10.0.40219.1
Project("{FAE04EC0-301F-11D3-BF4B-00C04F79EFBC}") = "CaseReport", "CaseReport\CaseReport.csproj", "{DB39565B-5E8A-4CF9-9DDF-F481D7CA2AD6}"
EndProject
Global
	GlobalSection(SolutionConfigurationPlatforms) = preSolution
		Debug|Any CPU = Debug|Any CPU
		Release|Any CPU = Release|Any CPU
	EndGlobalSection
	GlobalSection(ProjectConfigurationPlatforms) = postSolution
		{DB39565B-5E8A-4CF9-9DDF-F481D7CA2AD6}.Debug|Any CPU.ActiveCfg = Debug|Any CPU
		{DB39565B-5E8A-4CF9-9DDF-F481D7CA2AD6}.Debug|Any CPU.Build.0 = Debug|Any CPU
		{DB39565B-5E8A-4CF9-9DDF-F481D7CA2AD6}.Release|Any CPU.ActiveCfg = Release|Any CPU
		{DB39565B-5E8A-4CF9-9DDF-F481D7CA2AD6}.Release|Any CPU.Build.0 = Release|Any CPU
	EndGlobalSection
	GlobalSection(SolutionProperties) = preSolution
		HideSolutionNode = FALSE
	EndGlobalSection
	GlobalSection(ExtensibilityGlobals) = postSolution
		SolutionGuid = {8106C5F6-120D-4C96-B433-4873317EAD21}
	EndGlobalSection
EndGlobal
